
Microsoft Visual Studio Solution File, Format Version 12.00
# Visual Studio 15
VisualStudioVersion = 15.0.26730.12
MinimumVisualStudioVersion = 10.0.40219.1
Project("{FAE04EC0-301F-11D3-BF4B-00C04F79EFBC}") = "ModeloAspNetMvc", "ModeloAspNetMvc\ModeloAspNetMvc.csproj", "{5C5FE556-7BC2-4C93-92FF-4ABA62852819}"
EndProject
Project("{2150E333-8FDC-42A3-9474-1A3956D46DE8}") = "0 - Presentation", "0 - Presentation", "{7BD40DE3-06E1-43D3-9124-7C9F4D9BCD1F}"
EndProject
Project("{2150E333-8FDC-42A3-9474-1A3956D46DE8}") = "1 - Application", "1 - Application", "{661AB171-E13E-4E85-A39D-0595C1532134}"
EndProject
Project("{2150E333-8FDC-42A3-9474-1A3956D46DE8}") = "2 - Domain", "2 - Domain", "{F39F9E0F-73C0-4878-90C8-C279DF52B10A}"
EndProject
Project("{2150E333-8FDC-42A3-9474-1A3956D46DE8}") = "3 - Infra", "3 - Infra", "{3DDE3CE2-2496-4A5D-9751-111DC16C6418}"
EndProject
Project("{2150E333-8FDC-42A3-9474-1A3956D46DE8}") = "3.1 - CrossCutting", "3.1 - CrossCutting", "{C5DBC918-6DD2-48E4-8DA6-B1C835BC186F}"
EndProject
Project("{2150E333-8FDC-42A3-9474-1A3956D46DE8}") = "3.2 - Data", "3.2 - Data", "{B08A6F61-F9E8-483E-A895-BD59CCD12DB0}"
EndProject
Project("{FAE04EC0-301F-11D3-BF4B-00C04F79EFBC}") = "Project.Layer.App", "Project.Layer.App\Project.Layer.App.csproj", "{DD73DBA0-84A3-44C6-852C-A43C344B2601}"
EndProject
Project("{FAE04EC0-301F-11D3-BF4B-00C04F79EFBC}") = "Project.Layer.Domain", "Project.Layer.Domain\Project.Layer.Domain.csproj", "{D3138729-4848-424B-B3C7-1CD8DF9DD2EC}"
EndProject
Project("{2150E333-8FDC-42A3-9474-1A3956D46DE8}") = "3.1.1 - Exceptions", "3.1.1 - Exceptions", "{B29EFBB6-CEEC-45B0-B115-8B49E00BB7E2}"
EndProject
Project("{2150E333-8FDC-42A3-9474-1A3956D46DE8}") = "3.1.2 - Ioc", "3.1.2 - Ioc", "{F7A44AF5-C30B-4B8B-8AA0-0358719E490E}"
EndProject
Project("{2150E333-8FDC-42A3-9474-1A3956D46DE8}") = "3.1.3 - Extensions", "3.1.3 - Extensions", "{FD616898-3985-49D0-9E90-230265E7620E}"
EndProject
Project("{FAE04EC0-301F-11D3-BF4B-00C04F79EFBC}") = "Project.Layer.Data", "Project.Layer.Data\Project.Layer.Data.csproj", "{DB4C765A-6EC7-4450-BC2C-C4942798CF04}"
EndProject
Project("{2150E333-8FDC-42A3-9474-1A3956D46DE8}") = "3.1.4 - Identity", "3.1.4 - Identity", "{5CFE3374-0D5A-4BBE-B403-A320EDD14CD9}"
EndProject
Project("{FAE04EC0-301F-11D3-BF4B-00C04F79EFBC}") = "Project.CrossCutting.Identity", "Project.CrossCutting.Identity\Project.CrossCutting.Identity.csproj", "{C4FC8A65-3941-4BE7-BCB8-36BFBA627B3C}"
EndProject
Project("{FAE04EC0-301F-11D3-BF4B-00C04F79EFBC}") = "Project.CrossCutting.Exceptions", "Project.CrossCutting.Exceptions\Project.CrossCutting.Exceptions.csproj", "{206BCA49-C307-40C1-85D7-8F3C28F4321A}"
EndProject
Project("{FAE04EC0-301F-11D3-BF4B-00C04F79EFBC}") = "Project.CrossCutting.Extensions", "Project.CrossCutting.Extensions\Project.CrossCutting.Extensions.csproj", "{36821E6E-3BFF-4F8D-AE96-4F50BEE607DE}"
EndProject
Global
	GlobalSection(SolutionConfigurationPlatforms) = preSolution
		Debug|Any CPU = Debug|Any CPU
		Debug|ARM = Debug|ARM
		Debug|x64 = Debug|x64
		Debug|x86 = Debug|x86
		Release|Any CPU = Release|Any CPU
		Release|ARM = Release|ARM
		Release|x64 = Release|x64
		Release|x86 = Release|x86
	EndGlobalSection
	GlobalSection(ProjectConfigurationPlatforms) = postSolution
		{5C5FE556-7BC2-4C93-92FF-4ABA62852819}.Debug|Any CPU.ActiveCfg = Debug|Any CPU
		{5C5FE556-7BC2-4C93-92FF-4ABA62852819}.Debug|Any CPU.Build.0 = Debug|Any CPU
		{5C5FE556-7BC2-4C93-92FF-4ABA62852819}.Debug|ARM.ActiveCfg = Debug|Any CPU
		{5C5FE556-7BC2-4C93-92FF-4ABA62852819}.Debug|ARM.Build.0 = Debug|Any CPU
		{5C5FE556-7BC2-4C93-92FF-4ABA62852819}.Debug|x64.ActiveCfg = Debug|Any CPU
		{5C5FE556-7BC2-4C93-92FF-4ABA62852819}.Debug|x64.Build.0 = Debug|Any CPU
		{5C5FE556-7BC2-4C93-92FF-4ABA62852819}.Debug|x86.ActiveCfg = Debug|Any CPU
		{5C5FE556-7BC2-4C93-92FF-4ABA62852819}.Debug|x86.Build.0 = Debug|Any CPU
		{5C5FE556-7BC2-4C93-92FF-4ABA62852819}.Release|Any CPU.ActiveCfg = Release|Any CPU
		{5C5FE556-7BC2-4C93-92FF-4ABA62852819}.Release|Any CPU.Build.0 = Release|Any CPU
		{5C5FE556-7BC2-4C93-92FF-4ABA62852819}.Release|ARM.ActiveCfg = Release|Any CPU
		{5C5FE556-7BC2-4C93-92FF-4ABA62852819}.Release|ARM.Build.0 = Release|Any CPU
		{5C5FE556-7BC2-4C93-92FF-4ABA62852819}.Release|x64.ActiveCfg = Release|Any CPU
		{5C5FE556-7BC2-4C93-92FF-4ABA62852819}.Release|x64.Build.0 = Release|Any CPU
		{5C5FE556-7BC2-4C93-92FF-4ABA62852819}.Release|x86.ActiveCfg = Release|Any CPU
		{5C5FE556-7BC2-4C93-92FF-4ABA62852819}.Release|x86.Build.0 = Release|Any CPU
		{DD73DBA0-84A3-44C6-852C-A43C344B2601}.Debug|Any CPU.ActiveCfg = Debug|Any CPU
		{DD73DBA0-84A3-44C6-852C-A43C344B2601}.Debug|Any CPU.Build.0 = Debug|Any CPU
		{DD73DBA0-84A3-44C6-852C-A43C344B2601}.Debug|ARM.ActiveCfg = Debug|Any CPU
		{DD73DBA0-84A3-44C6-852C-A43C344B2601}.Debug|ARM.Build.0 = Debug|Any CPU
		{DD73DBA0-84A3-44C6-852C-A43C344B2601}.Debug|x64.ActiveCfg = Debug|Any CPU
		{DD73DBA0-84A3-44C6-852C-A43C344B2601}.Debug|x64.Build.0 = Debug|Any CPU
		{DD73DBA0-84A3-44C6-852C-A43C344B2601}.Debug|x86.ActiveCfg = Debug|Any CPU
		{DD73DBA0-84A3-44C6-852C-A43C344B2601}.Debug|x86.Build.0 = Debug|Any CPU
		{DD73DBA0-84A3-44C6-852C-A43C344B2601}.Release|Any CPU.ActiveCfg = Release|Any CPU
		{DD73DBA0-84A3-44C6-852C-A43C344B2601}.Release|Any CPU.Build.0 = Release|Any CPU
		{DD73DBA0-84A3-44C6-852C-A43C344B2601}.Release|ARM.ActiveCfg = Release|Any CPU
		{DD73DBA0-84A3-44C6-852C-A43C344B2601}.Release|ARM.Build.0 = Release|Any CPU
		{DD73DBA0-84A3-44C6-852C-A43C344B2601}.Release|x64.ActiveCfg = Release|Any CPU
		{DD73DBA0-84A3-44C6-852C-A43C344B2601}.Release|x64.Build.0 = Release|Any CPU
		{DD73DBA0-84A3-44C6-852C-A43C344B2601}.Release|x86.ActiveCfg = Release|Any CPU
		{DD73DBA0-84A3-44C6-852C-A43C344B2601}.Release|x86.Build.0 = Release|Any CPU
		{D3138729-4848-424B-B3C7-1CD8DF9DD2EC}.Debug|Any CPU.ActiveCfg = Debug|Any CPU
		{D3138729-4848-424B-B3C7-1CD8DF9DD2EC}.Debug|Any CPU.Build.0 = Debug|Any CPU
		{D3138729-4848-424B-B3C7-1CD8DF9DD2EC}.Debug|ARM.ActiveCfg = Debug|Any CPU
		{D3138729-4848-424B-B3C7-1CD8DF9DD2EC}.Debug|ARM.Build.0 = Debug|Any CPU
		{D3138729-4848-424B-B3C7-1CD8DF9DD2EC}.Debug|x64.ActiveCfg = Debug|Any CPU
		{D3138729-4848-424B-B3C7-1CD8DF9DD2EC}.Debug|x64.Build.0 = Debug|Any CPU
		{D3138729-4848-424B-B3C7-1CD8DF9DD2EC}.Debug|x86.ActiveCfg = Debug|Any CPU
		{D3138729-4848-424B-B3C7-1CD8DF9DD2EC}.Debug|x86.Build.0 = Debug|Any CPU
		{D3138729-4848-424B-B3C7-1CD8DF9DD2EC}.Release|Any CPU.ActiveCfg = Release|Any CPU
		{D3138729-4848-424B-B3C7-1CD8DF9DD2EC}.Release|Any CPU.Build.0 = Release|Any CPU
		{D3138729-4848-424B-B3C7-1CD8DF9DD2EC}.Release|ARM.ActiveCfg = Release|Any CPU
		{D3138729-4848-424B-B3C7-1CD8DF9DD2EC}.Release|ARM.Build.0 = Release|Any CPU
		{D3138729-4848-424B-B3C7-1CD8DF9DD2EC}.Release|x64.ActiveCfg = Release|Any CPU
		{D3138729-4848-424B-B3C7-1CD8DF9DD2EC}.Release|x64.Build.0 = Release|Any CPU
		{D3138729-4848-424B-B3C7-1CD8DF9DD2EC}.Release|x86.ActiveCfg = Release|Any CPU
		{D3138729-4848-424B-B3C7-1CD8DF9DD2EC}.Release|x86.Build.0 = Release|Any CPU
		{DB4C765A-6EC7-4450-BC2C-C4942798CF04}.Debug|Any CPU.ActiveCfg = Debug|Any CPU
		{DB4C765A-6EC7-4450-BC2C-C4942798CF04}.Debug|Any CPU.Build.0 = Debug|Any CPU
		{DB4C765A-6EC7-4450-BC2C-C4942798CF04}.Debug|ARM.ActiveCfg = Debug|Any CPU
		{DB4C765A-6EC7-4450-BC2C-C4942798CF04}.Debug|ARM.Build.0 = Debug|Any CPU
		{DB4C765A-6EC7-4450-BC2C-C4942798CF04}.Debug|x64.ActiveCfg = Debug|Any CPU
		{DB4C765A-6EC7-4450-BC2C-C4942798CF04}.Debug|x64.Build.0 = Debug|Any CPU
		{DB4C765A-6EC7-4450-BC2C-C4942798CF04}.Debug|x86.ActiveCfg = Debug|Any CPU
		{DB4C765A-6EC7-4450-BC2C-C4942798CF04}.Debug|x86.Build.0 = Debug|Any CPU
		{DB4C765A-6EC7-4450-BC2C-C4942798CF04}.Release|Any CPU.ActiveCfg = Release|Any CPU
		{DB4C765A-6EC7-4450-BC2C-C4942798CF04}.Release|Any CPU.Build.0 = Release|Any CPU
		{DB4C765A-6EC7-4450-BC2C-C4942798CF04}.Release|ARM.ActiveCfg = Release|Any CPU
		{DB4C765A-6EC7-4450-BC2C-C4942798CF04}.Release|ARM.Build.0 = Release|Any CPU
		{DB4C765A-6EC7-4450-BC2C-C4942798CF04}.Release|x64.ActiveCfg = Release|Any CPU
		{DB4C765A-6EC7-4450-BC2C-C4942798CF04}.Release|x64.Build.0 = Release|Any CPU
		{DB4C765A-6EC7-4450-BC2C-C4942798CF04}.Release|x86.ActiveCfg = Release|Any CPU
		{DB4C765A-6EC7-4450-BC2C-C4942798CF04}.Release|x86.Build.0 = Release|Any CPU
		{C4FC8A65-3941-4BE7-BCB8-36BFBA627B3C}.Debug|Any CPU.ActiveCfg = Debug|Any CPU
		{C4FC8A65-3941-4BE7-BCB8-36BFBA627B3C}.Debug|Any CPU.Build.0 = Debug|Any CPU
		{C4FC8A65-3941-4BE7-BCB8-36BFBA627B3C}.Debug|ARM.ActiveCfg = Debug|Any CPU
		{C4FC8A65-3941-4BE7-BCB8-36BFBA627B3C}.Debug|ARM.Build.0 = Debug|Any CPU
		{C4FC8A65-3941-4BE7-BCB8-36BFBA627B3C}.Debug|x64.ActiveCfg = Debug|Any CPU
		{C4FC8A65-3941-4BE7-BCB8-36BFBA627B3C}.Debug|x64.Build.0 = Debug|Any CPU
		{C4FC8A65-3941-4BE7-BCB8-36BFBA627B3C}.Debug|x86.ActiveCfg = Debug|Any CPU
		{C4FC8A65-3941-4BE7-BCB8-36BFBA627B3C}.Debug|x86.Build.0 = Debug|Any CPU
		{C4FC8A65-3941-4BE7-BCB8-36BFBA627B3C}.Release|Any CPU.ActiveCfg = Release|Any CPU
		{C4FC8A65-3941-4BE7-BCB8-36BFBA627B3C}.Release|Any CPU.Build.0 = Release|Any CPU
		{C4FC8A65-3941-4BE7-BCB8-36BFBA627B3C}.Release|ARM.ActiveCfg = Release|Any CPU
		{C4FC8A65-3941-4BE7-BCB8-36BFBA627B3C}.Release|ARM.Build.0 = Release|Any CPU
		{C4FC8A65-3941-4BE7-BCB8-36BFBA627B3C}.Release|x64.ActiveCfg = Release|Any CPU
		{C4FC8A65-3941-4BE7-BCB8-36BFBA627B3C}.Release|x64.Build.0 = Release|Any CPU
		{C4FC8A65-3941-4BE7-BCB8-36BFBA627B3C}.Release|x86.ActiveCfg = Release|Any CPU
		{C4FC8A65-3941-4BE7-BCB8-36BFBA627B3C}.Release|x86.Build.0 = Release|Any CPU
		{206BCA49-C307-40C1-85D7-8F3C28F4321A}.Debug|Any CPU.ActiveCfg = Debug|Any CPU
		{206BCA49-C307-40C1-85D7-8F3C28F4321A}.Debug|Any CPU.Build.0 = Debug|Any CPU
		{206BCA49-C307-40C1-85D7-8F3C28F4321A}.Debug|ARM.ActiveCfg = Debug|Any CPU
		{206BCA49-C307-40C1-85D7-8F3C28F4321A}.Debug|ARM.Build.0 = Debug|Any CPU
		{206BCA49-C307-40C1-85D7-8F3C28F4321A}.Debug|x64.ActiveCfg = Debug|Any CPU
		{206BCA49-C307-40C1-85D7-8F3C28F4321A}.Debug|x64.Build.0 = Debug|Any CPU
		{206BCA49-C307-40C1-85D7-8F3C28F4321A}.Debug|x86.ActiveCfg = Debug|Any CPU
		{206BCA49-C307-40C1-85D7-8F3C28F4321A}.Debug|x86.Build.0 = Debug|Any CPU
		{206BCA49-C307-40C1-85D7-8F3C28F4321A}.Release|Any CPU.ActiveCfg = Release|Any CPU
		{206BCA49-C307-40C1-85D7-8F3C28F4321A}.Release|Any CPU.Build.0 = Release|Any CPU
		{206BCA49-C307-40C1-85D7-8F3C28F4321A}.Release|ARM.ActiveCfg = Release|Any CPU
		{206BCA49-C307-40C1-85D7-8F3C28F4321A}.Release|ARM.Build.0 = Release|Any CPU
		{206BCA49-C307-40C1-85D7-8F3C28F4321A}.Release|x64.ActiveCfg = Release|Any CPU
		{206BCA49-C307-40C1-85D7-8F3C28F4321A}.Release|x64.Build.0 = Release|Any CPU
		{206BCA49-C307-40C1-85D7-8F3C28F4321A}.Release|x86.ActiveCfg = Release|Any CPU
		{206BCA49-C307-40C1-85D7-8F3C28F4321A}.Release|x86.Build.0 = Release|Any CPU
		{36821E6E-3BFF-4F8D-AE96-4F50BEE607DE}.Debug|Any CPU.ActiveCfg = Debug|Any CPU
		{36821E6E-3BFF-4F8D-AE96-4F50BEE607DE}.Debug|Any CPU.Build.0 = Debug|Any CPU
		{36821E6E-3BFF-4F8D-AE96-4F50BEE607DE}.Debug|ARM.ActiveCfg = Debug|Any CPU
		{36821E6E-3BFF-4F8D-AE96-4F50BEE607DE}.Debug|ARM.Build.0 = Debug|Any CPU
		{36821E6E-3BFF-4F8D-AE96-4F50BEE607DE}.Debug|x64.ActiveCfg = Debug|Any CPU
		{36821E6E-3BFF-4F8D-AE96-4F50BEE607DE}.Debug|x64.Build.0 = Debug|Any CPU
		{36821E6E-3BFF-4F8D-AE96-4F50BEE607DE}.Debug|x86.ActiveCfg = Debug|Any CPU
		{36821E6E-3BFF-4F8D-AE96-4F50BEE607DE}.Debug|x86.Build.0 = Debug|Any CPU
		{36821E6E-3BFF-4F8D-AE96-4F50BEE607DE}.Release|Any CPU.ActiveCfg = Release|Any CPU
		{36821E6E-3BFF-4F8D-AE96-4F50BEE607DE}.Release|Any CPU.Build.0 = Release|Any CPU
		{36821E6E-3BFF-4F8D-AE96-4F50BEE607DE}.Release|ARM.ActiveCfg = Release|Any CPU
		{36821E6E-3BFF-4F8D-AE96-4F50BEE607DE}.Release|ARM.Build.0 = Release|Any CPU
		{36821E6E-3BFF-4F8D-AE96-4F50BEE607DE}.Release|x64.ActiveCfg = Release|Any CPU
		{36821E6E-3BFF-4F8D-AE96-4F50BEE607DE}.Release|x64.Build.0 = Release|Any CPU
		{36821E6E-3BFF-4F8D-AE96-4F50BEE607DE}.Release|x86.ActiveCfg = Release|Any CPU
		{36821E6E-3BFF-4F8D-AE96-4F50BEE607DE}.Release|x86.Build.0 = Release|Any CPU
	EndGlobalSection
	GlobalSection(SolutionProperties) = preSolution
		HideSolutionNode = FALSE
	EndGlobalSection
	GlobalSection(NestedProjects) = preSolution
		{5C5FE556-7BC2-4C93-92FF-4ABA62852819} = {7BD40DE3-06E1-43D3-9124-7C9F4D9BCD1F}
		{C5DBC918-6DD2-48E4-8DA6-B1C835BC186F} = {3DDE3CE2-2496-4A5D-9751-111DC16C6418}
		{B08A6F61-F9E8-483E-A895-BD59CCD12DB0} = {3DDE3CE2-2496-4A5D-9751-111DC16C6418}
		{DD73DBA0-84A3-44C6-852C-A43C344B2601} = {661AB171-E13E-4E85-A39D-0595C1532134}
		{D3138729-4848-424B-B3C7-1CD8DF9DD2EC} = {F39F9E0F-73C0-4878-90C8-C279DF52B10A}
		{B29EFBB6-CEEC-45B0-B115-8B49E00BB7E2} = {C5DBC918-6DD2-48E4-8DA6-B1C835BC186F}
		{F7A44AF5-C30B-4B8B-8AA0-0358719E490E} = {C5DBC918-6DD2-48E4-8DA6-B1C835BC186F}
		{FD616898-3985-49D0-9E90-230265E7620E} = {C5DBC918-6DD2-48E4-8DA6-B1C835BC186F}
		{DB4C765A-6EC7-4450-BC2C-C4942798CF04} = {B08A6F61-F9E8-483E-A895-BD59CCD12DB0}
		{5CFE3374-0D5A-4BBE-B403-A320EDD14CD9} = {C5DBC918-6DD2-48E4-8DA6-B1C835BC186F}
		{C4FC8A65-3941-4BE7-BCB8-36BFBA627B3C} = {5CFE3374-0D5A-4BBE-B403-A320EDD14CD9}
		{206BCA49-C307-40C1-85D7-8F3C28F4321A} = {B29EFBB6-CEEC-45B0-B115-8B49E00BB7E2}
		{36821E6E-3BFF-4F8D-AE96-4F50BEE607DE} = {FD616898-3985-49D0-9E90-230265E7620E}
	EndGlobalSection
	GlobalSection(ExtensibilityGlobals) = postSolution
		SolutionGuid = {50E36FA2-B544-4BAF-A9CE-227584B583A2}
	EndGlobalSection
EndGlobal
